
Microsoft Visual Studio Solution File, Format Version 12.00
# Visual Studio Version 16
VisualStudioVersion = 16.0.28803.202
MinimumVisualStudioVersion = 10.0.40219.1
Project("{9A19103F-16F7-4668-BE54-9A1E7A4F7556}") = "BusinessBears.WebUI", "BusinessBears\BusinessBears.WebUI.csproj", "{FB00F243-AE9B-4178-88A5-54D4F6C259A0}"
EndProject
Project("{9A19103F-16F7-4668-BE54-9A1E7A4F7556}") = "BusinessBears.BL", "BusinessBears.BL\BusinessBears.BL.csproj", "{BF15A12D-D7F9-42E9-BCEF-1293D7F64562}"
EndProject
Project("{9A19103F-16F7-4668-BE54-9A1E7A4F7556}") = "BusinessBears.DA", "BusinessBears.DA\BusinessBears.DA.csproj", "{042A38C3-659C-447A-8E72-D80FE212FB16}"
EndProject
Project("{FAE04EC0-301F-11D3-BF4B-00C04F79EFBC}") = "BusinessBears.Test", "BusinessBears.Test\BusinessBears.Test.csproj", "{E4720F6A-31FA-4D4A-BF39-586EFACEEED2}"
EndProject
Global
	GlobalSection(SolutionConfigurationPlatforms) = preSolution
		Debug|Any CPU = Debug|Any CPU
		Release|Any CPU = Release|Any CPU
	EndGlobalSection
	GlobalSection(ProjectConfigurationPlatforms) = postSolution
		{FB00F243-AE9B-4178-88A5-54D4F6C259A0}.Debug|Any CPU.ActiveCfg = Debug|Any CPU
		{FB00F243-AE9B-4178-88A5-54D4F6C259A0}.Debug|Any CPU.Build.0 = Debug|Any CPU
		{FB00F243-AE9B-4178-88A5-54D4F6C259A0}.Release|Any CPU.ActiveCfg = Release|Any CPU
		{FB00F243-AE9B-4178-88A5-54D4F6C259A0}.Release|Any CPU.Build.0 = Release|Any CPU
		{BF15A12D-D7F9-42E9-BCEF-1293D7F64562}.Debug|Any CPU.ActiveCfg = Debug|Any CPU
		{BF15A12D-D7F9-42E9-BCEF-1293D7F64562}.Debug|Any CPU.Build.0 = Debug|Any CPU
		{BF15A12D-D7F9-42E9-BCEF-1293D7F64562}.Release|Any CPU.ActiveCfg = Release|Any CPU
		{BF15A12D-D7F9-42E9-BCEF-1293D7F64562}.Release|Any CPU.Build.0 = Release|Any CPU
		{042A38C3-659C-447A-8E72-D80FE212FB16}.Debug|Any CPU.ActiveCfg = Debug|Any CPU
		{042A38C3-659C-447A-8E72-D80FE212FB16}.Debug|Any CPU.Build.0 = Debug|Any CPU
		{042A38C3-659C-447A-8E72-D80FE212FB16}.Release|Any CPU.ActiveCfg = Release|Any CPU
		{042A38C3-659C-447A-8E72-D80FE212FB16}.Release|Any CPU.Build.0 = Release|Any CPU
		{E4720F6A-31FA-4D4A-BF39-586EFACEEED2}.Debug|Any CPU.ActiveCfg = Debug|Any CPU
		{E4720F6A-31FA-4D4A-BF39-586EFACEEED2}.Debug|Any CPU.Build.0 = Debug|Any CPU
		{E4720F6A-31FA-4D4A-BF39-586EFACEEED2}.Release|Any CPU.ActiveCfg = Release|Any CPU
		{E4720F6A-31FA-4D4A-BF39-586EFACEEED2}.Release|Any CPU.Build.0 = Release|Any CPU
	EndGlobalSection
	GlobalSection(SolutionProperties) = preSolution
		HideSolutionNode = FALSE
	EndGlobalSection
	GlobalSection(ExtensibilityGlobals) = postSolution
		SolutionGuid = {9C863400-B483-4876-968B-89C7C1FFE520}
	EndGlobalSection
EndGlobal
